
Microsoft Visual Studio Solution File, Format Version 11.00
# Visual Studio 2010
# SharpDevelop 4.3
Project("{FAE04EC0-301F-11D3-BF4B-00C04F79EFBC}") = "AlgoritmosLuis", "AlgoritmosLuis\AlgoritmosLuis.csproj", "{003D5951-30F3-45FD-A925-E018A655F887}"
EndProject
Global
	GlobalSection(SolutionConfigurationPlatforms) = preSolution
		Debug|Any CPU = Debug|Any CPU
		Release|Any CPU = Release|Any CPU
	EndGlobalSection
	GlobalSection(ProjectConfigurationPlatforms) = postSolution
		{003D5951-30F3-45FD-A925-E018A655F887}.Debug|Any CPU.Build.0 = Debug|Any CPU
		{003D5951-30F3-45FD-A925-E018A655F887}.Debug|Any CPU.ActiveCfg = Debug|Any CPU
		{003D5951-30F3-45FD-A925-E018A655F887}.Release|Any CPU.Build.0 = Release|Any CPU
		{003D5951-30F3-45FD-A925-E018A655F887}.Release|Any CPU.ActiveCfg = Release|Any CPU
	EndGlobalSection
EndGlobal
