
Microsoft Visual Studio Solution File, Format Version 11.00
# Visual Studio 2010
# SharpDevelop 4.3
Project("{FAE04EC0-301F-11D3-BF4B-00C04F79EFBC}") = "AlgoritmosDiogo", "AlgoritmosDiogo.csproj", "{D73A0E51-F069-4225-8D5D-12F91AEA1484}"
EndProject
Global
	GlobalSection(SolutionConfigurationPlatforms) = preSolution
		Debug|Any CPU = Debug|Any CPU
		Release|Any CPU = Release|Any CPU
	EndGlobalSection
	GlobalSection(ProjectConfigurationPlatforms) = postSolution
		{D73A0E51-F069-4225-8D5D-12F91AEA1484}.Debug|Any CPU.Build.0 = Debug|Any CPU
		{D73A0E51-F069-4225-8D5D-12F91AEA1484}.Debug|Any CPU.ActiveCfg = Debug|Any CPU
		{D73A0E51-F069-4225-8D5D-12F91AEA1484}.Release|Any CPU.Build.0 = Release|Any CPU
		{D73A0E51-F069-4225-8D5D-12F91AEA1484}.Release|Any CPU.ActiveCfg = Release|Any CPU
	EndGlobalSection
EndGlobal
