
Microsoft Visual Studio Solution File, Format Version 11.00
# Visual Studio 2010
# SharpDevelop 4.3
Project("{FAE04EC0-301F-11D3-BF4B-00C04F79EFBC}") = "AlgoritmosClaudia", "AlgoritmosClaudia\AlgoritmosClaudia.csproj", "{C20F1889-213E-4360-95AA-8342850AE7DF}"
EndProject
Project("{FAE04EC0-301F-11D3-BF4B-00C04F79EFBC}") = "AlgoritmosPaulo", "..\AlgoritmosPaulo\AlgoritmosPaulo\AlgoritmosPaulo.csproj", "{46DD10C6-0687-4B43-B1B6-BFD161DC0461}"
EndProject
Global
	GlobalSection(SolutionConfigurationPlatforms) = preSolution
		Debug|Any CPU = Debug|Any CPU
		Release|Any CPU = Release|Any CPU
	EndGlobalSection
	GlobalSection(ProjectConfigurationPlatforms) = postSolution
		{C20F1889-213E-4360-95AA-8342850AE7DF}.Debug|Any CPU.Build.0 = Debug|Any CPU
		{C20F1889-213E-4360-95AA-8342850AE7DF}.Debug|Any CPU.ActiveCfg = Debug|Any CPU
		{C20F1889-213E-4360-95AA-8342850AE7DF}.Release|Any CPU.Build.0 = Release|Any CPU
		{C20F1889-213E-4360-95AA-8342850AE7DF}.Release|Any CPU.ActiveCfg = Release|Any CPU
		{46DD10C6-0687-4B43-B1B6-BFD161DC0461}.Debug|Any CPU.Build.0 = Debug|Any CPU
		{46DD10C6-0687-4B43-B1B6-BFD161DC0461}.Debug|Any CPU.ActiveCfg = Debug|Any CPU
		{46DD10C6-0687-4B43-B1B6-BFD161DC0461}.Release|Any CPU.Build.0 = Release|Any CPU
		{46DD10C6-0687-4B43-B1B6-BFD161DC0461}.Release|Any CPU.ActiveCfg = Release|Any CPU
	EndGlobalSection
EndGlobal
